
Microsoft Visual Studio Solution File, Format Version 12.00
# Visual Studio Version 17
VisualStudioVersion = 17.1.32319.34
MinimumVisualStudioVersion = 10.0.40219.1
Project("{FAE04EC0-301F-11D3-BF4B-00C04F79EFBC}") = "Ornek1", "KartalHocaDBFirst30092021\Ornek1.csproj", "{932AAAB8-682E-4C63-BD8F-B0EF611173F4}"
EndProject
Project("{FAE04EC0-301F-11D3-BF4B-00C04F79EFBC}") = "Ornekk2", "Ornekk2\Ornekk2.csproj", "{CDB60605-6F95-46DC-9139-7A0BB0D54F23}"
EndProject
Project("{FAE04EC0-301F-11D3-BF4B-00C04F79EFBC}") = "Ornekk3", "Ornek3\Ornekk3.csproj", "{044EB5CA-D7AD-4AB3-A989-1DE3B139DAF9}"
EndProject
Project("{FAE04EC0-301F-11D3-BF4B-00C04F79EFBC}") = "Ornekk4", "Ornekk4\Ornekk4.csproj", "{8318CC23-03AD-4356-A76F-C92B3F5282BF}"
EndProject
Global
	GlobalSection(SolutionConfigurationPlatforms) = preSolution
		Debug|Any CPU = Debug|Any CPU
		Release|Any CPU = Release|Any CPU
	EndGlobalSection
	GlobalSection(ProjectConfigurationPlatforms) = postSolution
		{932AAAB8-682E-4C63-BD8F-B0EF611173F4}.Debug|Any CPU.ActiveCfg = Debug|Any CPU
		{932AAAB8-682E-4C63-BD8F-B0EF611173F4}.Debug|Any CPU.Build.0 = Debug|Any CPU
		{932AAAB8-682E-4C63-BD8F-B0EF611173F4}.Release|Any CPU.ActiveCfg = Release|Any CPU
		{932AAAB8-682E-4C63-BD8F-B0EF611173F4}.Release|Any CPU.Build.0 = Release|Any CPU
		{CDB60605-6F95-46DC-9139-7A0BB0D54F23}.Debug|Any CPU.ActiveCfg = Debug|Any CPU
		{CDB60605-6F95-46DC-9139-7A0BB0D54F23}.Debug|Any CPU.Build.0 = Debug|Any CPU
		{CDB60605-6F95-46DC-9139-7A0BB0D54F23}.Release|Any CPU.ActiveCfg = Release|Any CPU
		{CDB60605-6F95-46DC-9139-7A0BB0D54F23}.Release|Any CPU.Build.0 = Release|Any CPU
		{044EB5CA-D7AD-4AB3-A989-1DE3B139DAF9}.Debug|Any CPU.ActiveCfg = Debug|Any CPU
		{044EB5CA-D7AD-4AB3-A989-1DE3B139DAF9}.Debug|Any CPU.Build.0 = Debug|Any CPU
		{044EB5CA-D7AD-4AB3-A989-1DE3B139DAF9}.Release|Any CPU.ActiveCfg = Release|Any CPU
		{044EB5CA-D7AD-4AB3-A989-1DE3B139DAF9}.Release|Any CPU.Build.0 = Release|Any CPU
		{8318CC23-03AD-4356-A76F-C92B3F5282BF}.Debug|Any CPU.ActiveCfg = Debug|Any CPU
		{8318CC23-03AD-4356-A76F-C92B3F5282BF}.Debug|Any CPU.Build.0 = Debug|Any CPU
		{8318CC23-03AD-4356-A76F-C92B3F5282BF}.Release|Any CPU.ActiveCfg = Release|Any CPU
		{8318CC23-03AD-4356-A76F-C92B3F5282BF}.Release|Any CPU.Build.0 = Release|Any CPU
	EndGlobalSection
	GlobalSection(SolutionProperties) = preSolution
		HideSolutionNode = FALSE
	EndGlobalSection
	GlobalSection(ExtensibilityGlobals) = postSolution
		SolutionGuid = {A6496514-AE7F-4D41-96B8-4E33EAA3C0F5}
	EndGlobalSection
EndGlobal
