
Microsoft Visual Studio Solution File, Format Version 12.00
# Visual Studio Version 16
VisualStudioVersion = 16.0.31702.278
MinimumVisualStudioVersion = 10.0.40219.1
Project("{FAE04EC0-301F-11D3-BF4B-00C04F79EFBC}") = "EF-RoniHoca-01102021", "EF-RoniHoca-01102021\EF-RoniHoca-01102021.csproj", "{AF10C7BC-D509-473C-9A4D-4D75D714705D}"
EndProject
Global
	GlobalSection(SolutionConfigurationPlatforms) = preSolution
		Debug|Any CPU = Debug|Any CPU
		Release|Any CPU = Release|Any CPU
	EndGlobalSection
	GlobalSection(ProjectConfigurationPlatforms) = postSolution
		{AF10C7BC-D509-473C-9A4D-4D75D714705D}.Debug|Any CPU.ActiveCfg = Debug|Any CPU
		{AF10C7BC-D509-473C-9A4D-4D75D714705D}.Debug|Any CPU.Build.0 = Debug|Any CPU
		{AF10C7BC-D509-473C-9A4D-4D75D714705D}.Release|Any CPU.ActiveCfg = Release|Any CPU
		{AF10C7BC-D509-473C-9A4D-4D75D714705D}.Release|Any CPU.Build.0 = Release|Any CPU
	EndGlobalSection
	GlobalSection(SolutionProperties) = preSolution
		HideSolutionNode = FALSE
	EndGlobalSection
	GlobalSection(ExtensibilityGlobals) = postSolution
		SolutionGuid = {591CE170-D91F-489D-96DB-918C9A502B96}
	EndGlobalSection
EndGlobal
